
Microsoft Visual Studio Solution File, Format Version 12.00
# Visual Studio Version 16
VisualStudioVersion = 16.0.29418.71
MinimumVisualStudioVersion = 10.0.40219.1
Project("{9A19103F-16F7-4668-BE54-9A1E7A4F7556}") = "Flipdish.Recruiting.WebhookReceiver", "Flipdish.Recruiting.WebhookReceiver\Flipdish.Recruiting.WebhookReceiver.csproj", "{DB815CB0-419B-4824-A1CD-17BCCB12899C}"
EndProject
Project("{9A19103F-16F7-4668-BE54-9A1E7A4F7556}") = "Flipdish.Recruiting.UnitTest", "Flipdish.Recruiting.UnitTest\Flipdish.Recruiting.UnitTest.csproj", "{06822EE0-4F46-41D9-BC46-3B96DAA36418}"
EndProject
Project("{FAE04EC0-301F-11D3-BF4B-00C04F79EFBC}") = "Flipdish.Recruiting.Core", "Flipdish.Recruiting.Core\Flipdish.Recruiting.Core.csproj", "{03BC2919-D12C-4214-9A51-24E4E3FEAD1A}"
EndProject
Global
	GlobalSection(SolutionConfigurationPlatforms) = preSolution
		Debug|Any CPU = Debug|Any CPU
		Release|Any CPU = Release|Any CPU
	EndGlobalSection
	GlobalSection(ProjectConfigurationPlatforms) = postSolution
		{DB815CB0-419B-4824-A1CD-17BCCB12899C}.Debug|Any CPU.ActiveCfg = Debug|Any CPU
		{DB815CB0-419B-4824-A1CD-17BCCB12899C}.Debug|Any CPU.Build.0 = Debug|Any CPU
		{DB815CB0-419B-4824-A1CD-17BCCB12899C}.Release|Any CPU.ActiveCfg = Release|Any CPU
		{DB815CB0-419B-4824-A1CD-17BCCB12899C}.Release|Any CPU.Build.0 = Release|Any CPU
		{06822EE0-4F46-41D9-BC46-3B96DAA36418}.Debug|Any CPU.ActiveCfg = Debug|Any CPU
		{06822EE0-4F46-41D9-BC46-3B96DAA36418}.Debug|Any CPU.Build.0 = Debug|Any CPU
		{06822EE0-4F46-41D9-BC46-3B96DAA36418}.Release|Any CPU.ActiveCfg = Release|Any CPU
		{06822EE0-4F46-41D9-BC46-3B96DAA36418}.Release|Any CPU.Build.0 = Release|Any CPU
		{03BC2919-D12C-4214-9A51-24E4E3FEAD1A}.Debug|Any CPU.ActiveCfg = Debug|Any CPU
		{03BC2919-D12C-4214-9A51-24E4E3FEAD1A}.Debug|Any CPU.Build.0 = Debug|Any CPU
		{03BC2919-D12C-4214-9A51-24E4E3FEAD1A}.Release|Any CPU.ActiveCfg = Release|Any CPU
		{03BC2919-D12C-4214-9A51-24E4E3FEAD1A}.Release|Any CPU.Build.0 = Release|Any CPU
	EndGlobalSection
	GlobalSection(SolutionProperties) = preSolution
		HideSolutionNode = FALSE
	EndGlobalSection
	GlobalSection(ExtensibilityGlobals) = postSolution
		SolutionGuid = {709B2980-7760-4889-A216-05793C19392E}
	EndGlobalSection
EndGlobal
